
Microsoft Visual Studio Solution File, Format Version 12.00
# Visual Studio Version 17
VisualStudioVersion = 17.4.33110.190
MinimumVisualStudioVersion = 10.0.40219.1
Project("{FAE04EC0-301F-11D3-BF4B-00C04F79EFBC}") = "CarsAssemble", "CarsAssemble.csproj", "{9E64C3CE-AEA5-43C3-9A32-0665F0CB62B8}"
EndProject
Global
	GlobalSection(SolutionConfigurationPlatforms) = preSolution
		Debug|Any CPU = Debug|Any CPU
		Release|Any CPU = Release|Any CPU
	EndGlobalSection
	GlobalSection(ProjectConfigurationPlatforms) = postSolution
		{9E64C3CE-AEA5-43C3-9A32-0665F0CB62B8}.Debug|Any CPU.ActiveCfg = Debug|Any CPU
		{9E64C3CE-AEA5-43C3-9A32-0665F0CB62B8}.Debug|Any CPU.Build.0 = Debug|Any CPU
		{9E64C3CE-AEA5-43C3-9A32-0665F0CB62B8}.Release|Any CPU.ActiveCfg = Release|Any CPU
		{9E64C3CE-AEA5-43C3-9A32-0665F0CB62B8}.Release|Any CPU.Build.0 = Release|Any CPU
	EndGlobalSection
	GlobalSection(SolutionProperties) = preSolution
		HideSolutionNode = FALSE
	EndGlobalSection
	GlobalSection(ExtensibilityGlobals) = postSolution
		SolutionGuid = {5EAFE061-664D-485E-B540-E90F968A72BD}
	EndGlobalSection
EndGlobal
