
Microsoft Visual Studio Solution File, Format Version 12.00
# Visual Studio Version 17
VisualStudioVersion = 17.4.33110.190
MinimumVisualStudioVersion = 10.0.40219.1
Project("{FAE04EC0-301F-11D3-BF4B-00C04F79EFBC}") = "WizardsandWarriors2", "WizardsandWarriors2.csproj", "{15FBD511-4519-4198-8587-A83B71A27B03}"
EndProject
Global
	GlobalSection(SolutionConfigurationPlatforms) = preSolution
		Debug|Any CPU = Debug|Any CPU
		Release|Any CPU = Release|Any CPU
	EndGlobalSection
	GlobalSection(ProjectConfigurationPlatforms) = postSolution
		{15FBD511-4519-4198-8587-A83B71A27B03}.Debug|Any CPU.ActiveCfg = Debug|Any CPU
		{15FBD511-4519-4198-8587-A83B71A27B03}.Debug|Any CPU.Build.0 = Debug|Any CPU
		{15FBD511-4519-4198-8587-A83B71A27B03}.Release|Any CPU.ActiveCfg = Release|Any CPU
		{15FBD511-4519-4198-8587-A83B71A27B03}.Release|Any CPU.Build.0 = Release|Any CPU
	EndGlobalSection
	GlobalSection(SolutionProperties) = preSolution
		HideSolutionNode = FALSE
	EndGlobalSection
	GlobalSection(ExtensibilityGlobals) = postSolution
		SolutionGuid = {EB8BD0E4-8EDB-4BE3-8123-4CC4207D653A}
	EndGlobalSection
EndGlobal
