
Microsoft Visual Studio Solution File, Format Version 12.00
# Visual Studio Version 17
VisualStudioVersion = 17.3.32922.545
MinimumVisualStudioVersion = 10.0.40219.1
Project("{FAE04EC0-301F-11D3-BF4B-00C04F79EFBC}") = "HangmanProject", "HangmanProject\HangmanProject.csproj", "{7D0A1027-C520-412F-9CD7-DB38F9D45869}"
EndProject
Global
	GlobalSection(SolutionConfigurationPlatforms) = preSolution
		Debug|Any CPU = Debug|Any CPU
		Release|Any CPU = Release|Any CPU
	EndGlobalSection
	GlobalSection(ProjectConfigurationPlatforms) = postSolution
		{7D0A1027-C520-412F-9CD7-DB38F9D45869}.Debug|Any CPU.ActiveCfg = Debug|Any CPU
		{7D0A1027-C520-412F-9CD7-DB38F9D45869}.Debug|Any CPU.Build.0 = Debug|Any CPU
		{7D0A1027-C520-412F-9CD7-DB38F9D45869}.Release|Any CPU.ActiveCfg = Release|Any CPU
		{7D0A1027-C520-412F-9CD7-DB38F9D45869}.Release|Any CPU.Build.0 = Release|Any CPU
	EndGlobalSection
	GlobalSection(SolutionProperties) = preSolution
		HideSolutionNode = FALSE
	EndGlobalSection
	GlobalSection(ExtensibilityGlobals) = postSolution
		SolutionGuid = {BA46E57C-E1A6-479E-9B4D-68956266E80E}
	EndGlobalSection
EndGlobal
