
Microsoft Visual Studio Solution File, Format Version 12.00
# Visual Studio Version 17
VisualStudioVersion = 17.4.33110.190
MinimumVisualStudioVersion = 10.0.40219.1
Project("{FAE04EC0-301F-11D3-BF4B-00C04F79EFBC}") = "SqueakyClean", "SqueakyClean.csproj", "{F6E90ECB-B11F-4251-A076-2234519EFFEE}"
EndProject
Global
	GlobalSection(SolutionConfigurationPlatforms) = preSolution
		Debug|Any CPU = Debug|Any CPU
		Release|Any CPU = Release|Any CPU
	EndGlobalSection
	GlobalSection(ProjectConfigurationPlatforms) = postSolution
		{F6E90ECB-B11F-4251-A076-2234519EFFEE}.Debug|Any CPU.ActiveCfg = Debug|Any CPU
		{F6E90ECB-B11F-4251-A076-2234519EFFEE}.Debug|Any CPU.Build.0 = Debug|Any CPU
		{F6E90ECB-B11F-4251-A076-2234519EFFEE}.Release|Any CPU.ActiveCfg = Release|Any CPU
		{F6E90ECB-B11F-4251-A076-2234519EFFEE}.Release|Any CPU.Build.0 = Release|Any CPU
	EndGlobalSection
	GlobalSection(SolutionProperties) = preSolution
		HideSolutionNode = FALSE
	EndGlobalSection
	GlobalSection(ExtensibilityGlobals) = postSolution
		SolutionGuid = {CF8C55B9-502B-43C0-936D-ED03780A44A0}
	EndGlobalSection
EndGlobal
